dependencies:
- name: lib-gitlab
  repository: https://helm.cookielab.dev
  version: 0.1.0
- name: lib-kubernetes
  repository: https://helm.cookielab.dev
  version: 0.1.0
- name: lib-prometheus
  repository: https://helm.cookielab.dev
  version: 0.1.0
digest: sha256:b1237b799d5f572b40f3282b1e1e276ae82dbbc74b2f67a6284bbc6579333f45
generated: "2023-12-27T16:15:44.394688+01:00"
