dependencies:
- name: lib-gitlab
  repository: file://../lib-gitlab
  version: 0.1.0
- name: lib-kubernetes
  repository: file://../lib-kubernetes
  version: 0.5.0
- name: lib-prometheus
  repository: file://../lib-prometheus
  version: 0.1.7
digest: sha256:a7057c5d70600cc8d8fc105f8db11f7d4c1e0db3e118a0760760e49e874c9e7d
generated: "2025-07-18T18:32:53.762973+02:00"
